
Microsoft Visual Studio Solution File, Format Version 12.00
# Visual Studio 2013
VisualStudioVersion = 12.0.31101.0
MinimumVisualStudioVersion = 10.0.40219.1
Project("{FAE04EC0-301F-11D3-BF4B-00C04F79EFBC}") = "NTools.Core", "NTools.Core\NTools.Core.csproj", "{35B10828-0CE0-4EA7-8CDB-0749DF34E0B0}"
EndProject
Project("{FAE04EC0-301F-11D3-BF4B-00C04F79EFBC}") = "NTools.Logging", "NTools.Logging\NTools.Logging.csproj", "{526ACB93-8536-4BBE-BB6D-A07300939533}"
EndProject
Project("{FAE04EC0-301F-11D3-BF4B-00C04F79EFBC}") = "NTools.WebServiceSupport", "NTools.WebServiceSupport\NTools.WebServiceSupport.csproj", "{F3598DAB-0273-403B-959C-7DCEB0604AD2}"
EndProject
Project("{FAE04EC0-301F-11D3-BF4B-00C04F79EFBC}") = "NTools.SoapClientTypeSerializer", "NTools.SoapClientTypeSerializer\NTools.SoapClientTypeSerializer.csproj", "{17D4AACA-133C-4E46-AA7F-3B7ACF4E221C}"
EndProject
Project("{FAE04EC0-301F-11D3-BF4B-00C04F79EFBC}") = "NTools.SoapClientTypeTester", "NTools.SoapClientTypeTester\NTools.SoapClientTypeTester.csproj", "{0A84AAF0-49AB-4F52-894D-14F34FF028E3}"
EndProject
Global
	GlobalSection(SolutionConfigurationPlatforms) = preSolution
		Debug|Any CPU = Debug|Any CPU
		Release|Any CPU = Release|Any CPU
	EndGlobalSection
	GlobalSection(ProjectConfigurationPlatforms) = postSolution
		{35B10828-0CE0-4EA7-8CDB-0749DF34E0B0}.Debug|Any CPU.ActiveCfg = Debug|Any CPU
		{35B10828-0CE0-4EA7-8CDB-0749DF34E0B0}.Debug|Any CPU.Build.0 = Debug|Any CPU
		{35B10828-0CE0-4EA7-8CDB-0749DF34E0B0}.Release|Any CPU.ActiveCfg = Release|Any CPU
		{35B10828-0CE0-4EA7-8CDB-0749DF34E0B0}.Release|Any CPU.Build.0 = Release|Any CPU
		{526ACB93-8536-4BBE-BB6D-A07300939533}.Debug|Any CPU.ActiveCfg = Debug|Any CPU
		{526ACB93-8536-4BBE-BB6D-A07300939533}.Debug|Any CPU.Build.0 = Debug|Any CPU
		{526ACB93-8536-4BBE-BB6D-A07300939533}.Release|Any CPU.ActiveCfg = Release|Any CPU
		{526ACB93-8536-4BBE-BB6D-A07300939533}.Release|Any CPU.Build.0 = Release|Any CPU
		{F3598DAB-0273-403B-959C-7DCEB0604AD2}.Debug|Any CPU.ActiveCfg = Debug|Any CPU
		{F3598DAB-0273-403B-959C-7DCEB0604AD2}.Debug|Any CPU.Build.0 = Debug|Any CPU
		{F3598DAB-0273-403B-959C-7DCEB0604AD2}.Release|Any CPU.ActiveCfg = Release|Any CPU
		{F3598DAB-0273-403B-959C-7DCEB0604AD2}.Release|Any CPU.Build.0 = Release|Any CPU
		{17D4AACA-133C-4E46-AA7F-3B7ACF4E221C}.Debug|Any CPU.ActiveCfg = Debug|Any CPU
		{17D4AACA-133C-4E46-AA7F-3B7ACF4E221C}.Debug|Any CPU.Build.0 = Debug|Any CPU
		{17D4AACA-133C-4E46-AA7F-3B7ACF4E221C}.Release|Any CPU.ActiveCfg = Release|Any CPU
		{17D4AACA-133C-4E46-AA7F-3B7ACF4E221C}.Release|Any CPU.Build.0 = Release|Any CPU
		{0A84AAF0-49AB-4F52-894D-14F34FF028E3}.Debug|Any CPU.ActiveCfg = Debug|Any CPU
		{0A84AAF0-49AB-4F52-894D-14F34FF028E3}.Debug|Any CPU.Build.0 = Debug|Any CPU
		{0A84AAF0-49AB-4F52-894D-14F34FF028E3}.Release|Any CPU.ActiveCfg = Release|Any CPU
		{0A84AAF0-49AB-4F52-894D-14F34FF028E3}.Release|Any CPU.Build.0 = Release|Any CPU
	EndGlobalSection
	GlobalSection(SolutionProperties) = preSolution
		HideSolutionNode = FALSE
	EndGlobalSection
EndGlobal
